
Microsoft Visual Studio Solution File, Format Version 12.00
# Visual Studio Version 17
VisualStudioVersion = 17.5.33530.505
MinimumVisualStudioVersion = 10.0.40219.1
Project("{FAE04EC0-301F-11D3-BF4B-00C04F79EFBC}") = "InfobipApiEmailTest", "InfobipApiEmailTest\InfobipApiEmailTest.csproj", "{72FFCA95-27A3-4700-BC0C-DEC59BD22129}"
EndProject
Global
	GlobalSection(SolutionConfigurationPlatforms) = preSolution
		Debug|Any CPU = Debug|Any CPU
		Release|Any CPU = Release|Any CPU
	EndGlobalSection
	GlobalSection(ProjectConfigurationPlatforms) = postSolution
		{72FFCA95-27A3-4700-BC0C-DEC59BD22129}.Debug|Any CPU.ActiveCfg = Debug|Any CPU
		{72FFCA95-27A3-4700-BC0C-DEC59BD22129}.Debug|Any CPU.Build.0 = Debug|Any CPU
		{72FFCA95-27A3-4700-BC0C-DEC59BD22129}.Release|Any CPU.ActiveCfg = Release|Any CPU
		{72FFCA95-27A3-4700-BC0C-DEC59BD22129}.Release|Any CPU.Build.0 = Release|Any CPU
	EndGlobalSection
	GlobalSection(SolutionProperties) = preSolution
		HideSolutionNode = FALSE
	EndGlobalSection
	GlobalSection(ExtensibilityGlobals) = postSolution
		SolutionGuid = {0FC40E7C-B965-4634-A0C1-3121EA08CB12}
	EndGlobalSection
EndGlobal
